// !$*UTF8*$!
{
	archiveVersion = 1;
	classes = {
	};
	objectVersion = 46;
	objects = {

/* Begin PBXBuildFile section */
		09144A7313C2997E00388B00 /* Entitlements.plist in Resources */ = {isa = PBXBuildFile; fileRef = 09144A7213C2997E00388B00 /* Entitlements.plist */; };
		092354B313A1D7EB00DA740F /* CFNetwork.framework in Frameworks */ = {isa = PBXBuildFile; fileRef = 092354B213A1D7EB00DA740F /* CFNetwork.framework */; };
		092354B513A1D7F000DA740F /* SystemConfiguration.framework in Frameworks */ = {isa = PBXBuildFile; fileRef = 092354B413A1D7F000DA740F /* SystemConfiguration.framework */; };
		092354B713A1D83C00DA740F /* MobileCoreServices.framework in Frameworks */ = {isa = PBXBuildFile; fileRef = 092354B613A1D83C00DA740F /* MobileCoreServices.framework */; };
		095ACE8613C68EA300566243 /* AudioToolbox.framework in Frameworks */ = {isa = PBXBuildFile; fileRef = 095ACE8513C68EA300566243 /* AudioToolbox.framework */; };
		099CCEAD13F9E3760039A464 /* libz.1.1.3.dylib in Frameworks */ = {isa = PBXBuildFile; fileRef = 099CCEAC13F9E3760039A464 /* libz.1.1.3.dylib */; };
		09ABC07213A1D52D009C3FCF /* UIKit.framework in Frameworks */ = {isa = PBXBuildFile; fileRef = 09ABC07113A1D52D009C3FCF /* UIKit.framework */; };
		09ABC07413A1D52D009C3FCF /* Foundation.framework in Frameworks */ = {isa = PBXBuildFile; fileRef = 09ABC07313A1D52D009C3FCF /* Foundation.framework */; };
		09ABC07C13A1D52D009C3FCF /* InfoPlist.strings in Resources */ = {isa = PBXBuildFile; fileRef = 09ABC07A13A1D52D009C3FCF /* InfoPlist.strings */; };
		09ABC07F13A1D52D009C3FCF /* main.m in Sources */ = {isa = PBXBuildFile; fileRef = 09ABC07E13A1D52D009C3FCF /* main.m */; };
		09ABC08213A1D52D009C3FCF /* ParseStarterProjectAppDelegate.m in Sources */ = {isa = PBXBuildFile; fileRef = 09ABC08113A1D52D009C3FCF /* ParseStarterProjectAppDelegate.m */; };
		09ABC08513A1D52E009C3FCF /* MainWindow.xib in Resources */ = {isa = PBXBuildFile; fileRef = 09ABC08313A1D52D009C3FCF /* MainWindow.xib */; };
		09ABC08813A1D52E009C3FCF /* ParseStarterProjectViewController.m in Sources */ = {isa = PBXBuildFile; fileRef = 09ABC08713A1D52E009C3FCF /* ParseStarterProjectViewController.m */; };
		09ABC08B13A1D52E009C3FCF /* ParseStarterProjectViewController.xib in Resources */ = {isa = PBXBuildFile; fileRef = 09ABC08913A1D52E009C3FCF /* ParseStarterProjectViewController.xib */; };
		09BEF34C13D51C3F001BBCDB /* Security.framework in Frameworks */ = {isa = PBXBuildFile; fileRef = 09BEF34B13D51C3F001BBCDB /* Security.framework */; };
		2FCDD6B014A573F500295AAC /* QuartzCore.framework in Frameworks */ = {isa = PBXBuildFile; fileRef = 2FCDD6AF14A573F500295AAC /* QuartzCore.framework */; };
		4998650515BF305000803E05 /* StoreKit.framework in Frameworks */ = {isa = PBXBuildFile; fileRef = 4998650415BF305000803E05 /* StoreKit.framework */; };
		743D7B6D157DA60100084B67 /* CoreGraphics.framework in Frameworks */ = {isa = PBXBuildFile; fileRef = 743D7B6C157DA60100084B67 /* CoreGraphics.framework */; };
		81A6CA611A2EA82800297C39 /* libstdc++.6.dylib in Frameworks */ = {isa = PBXBuildFile; fileRef = 81A6CA601A2EA82800297C39 /* libstdc++.6.dylib */; };
		91D261791A36EB67005D713D /* libsqlite3.0.dylib in Frameworks */ = {isa = PBXBuildFile; fileRef = 91D261781A36EB67005D713D /* libsqlite3.0.dylib */; };
		C4C51B571613CE0800959FDC /* Default.png in Resources */ = {isa = PBXBuildFile; fileRef = C4C51B541613CE0800959FDC /* Default.png */; };
		C4C51B581613CE0800959FDC /* Default-568h@2x.png in Resources */ = {isa = PBXBuildFile; fileRef = C4C51B551613CE0800959FDC /* Default-568h@2x.png */; };
		C4C51B591613CE0800959FDC /* Default@2x.png in Resources */ = {isa = PBXBuildFile; fileRef = C4C51B561613CE0800959FDC /* Default@2x.png */; };
		CC0412831AE024BC00E91DBE /* ErrorHandlingController.m in Sources */ = {isa = PBXBuildFile; fileRef = CC0412821AE024BC00E91DBE /* ErrorHandlingController.m */; };
		CC1312EE1B5C8B0B00DA9E7D /* ParseFacebookUtilsV4.framework in Frameworks */ = {isa = PBXBuildFile; fileRef = CC1312ED1B5C8B0B00DA9E7D /* ParseFacebookUtilsV4.framework */; };
		CC240FD01B65407800037E98 /* Bolts.framework in Frameworks */ = {isa = PBXBuildFile; fileRef = CC240FCC1B65407800037E98 /* Bolts.framework */; };
		CC240FD11B65407800037E98 /* Parse.framework in Frameworks */ = {isa = PBXBuildFile; fileRef = CC240FCD1B65407800037E98 /* Parse.framework */; };
		CC240FD21B65407800037E98 /* ParseCrashReporting.framework in Frameworks */ = {isa = PBXBuildFile; fileRef = CC240FCE1B65407800037E98 /* ParseCrashReporting.framework */; };
		CC240FD31B65407800037E98 /* ParseUI.framework in Frameworks */ = {isa = PBXBuildFile; fileRef = CC240FCF1B65407800037E98 /* ParseUI.framework */; };
		CC2C1FA01ACC67E9007D71A0 /* LoginViewController.m in Sources */ = {isa = PBXBuildFile; fileRef = CC2C1F9F1ACC67E9007D71A0 /* LoginViewController.m */; };
		CC2C1FA31ACC6AD8007D71A0 /* SignUpViewController.m in Sources */ = {isa = PBXBuildFile; fileRef = CC2C1FA21ACC6AD8007D71A0 /* SignUpViewController.m */; };
		CC2C1FAE1ACC7209007D71A0 /* EventTableViewCell.m in Sources */ = {isa = PBXBuildFile; fileRef = CC2C1FA51ACC7209007D71A0 /* EventTableViewCell.m */; };
		CC2C1FAF1ACC7209007D71A0 /* MoreViewController.m in Sources */ = {isa = PBXBuildFile; fileRef = CC2C1FA71ACC7209007D71A0 /* MoreViewController.m */; };
		CC2C1FB01ACC7209007D71A0 /* SettingsViewController.m in Sources */ = {isa = PBXBuildFile; fileRef = CC2C1FA91ACC7209007D71A0 /* SettingsViewController.m */; };
		CC2C1FB11ACC7209007D71A0 /* EventViewController.m in Sources */ = {isa = PBXBuildFile; fileRef = CC2C1FAB1ACC7209007D71A0 /* EventViewController.m */; };
		CC2C1FB21ACC7209007D71A0 /* ShareViewController.m in Sources */ = {isa = PBXBuildFile; fileRef = CC2C1FAD1ACC7209007D71A0 /* ShareViewController.m */; };
		CC2C1FB51ACC72A5007D71A0 /* EventDetailViewController.m in Sources */ = {isa = PBXBuildFile; fileRef = CC2C1FB41ACC72A5007D71A0 /* EventDetailViewController.m */; };
		CC2C1FB71ACC7388007D71A0 /* MapKit.framework in Frameworks */ = {isa = PBXBuildFile; fileRef = CC2C1FB61ACC7388007D71A0 /* MapKit.framework */; };
		CC2C1FB91ACC73C3007D71A0 /* MessageUI.framework in Frameworks */ = {isa = PBXBuildFile; fileRef = CC2C1FB81ACC73C3007D71A0 /* MessageUI.framework */; };
		CC2F1A7D1B65C2E900A2FB99 /* AVFoundation.framework in Frameworks */ = {isa = PBXBuildFile; fileRef = CC2F1A7C1B65C2E900A2FB99 /* AVFoundation.framework */; };
		CC2F1A7F1B65C6FB00A2FB99 /* CoreMotion.framework in Frameworks */ = {isa = PBXBuildFile; fileRef = CC2F1A7E1B65C6FB00A2FB99 /* CoreMotion.framework */; };
		CC3F37061B0BE8BD003EFD68 /* AddressBook.framework in Frameworks */ = {isa = PBXBuildFile; fileRef = CC3F37041B0BE8BD003EFD68 /* AddressBook.framework */; };
		CC3F37071B0BE8BD003EFD68 /* AddressBookUI.framework in Frameworks */ = {isa = PBXBuildFile; fileRef = CC3F37051B0BE8BD003EFD68 /* AddressBookUI.framework */; };
		CC3F370A1B0C2442003EFD68 /* ContactTableViewCell.m in Sources */ = {isa = PBXBuildFile; fileRef = CC3F37091B0C2442003EFD68 /* ContactTableViewCell.m */; };
		CC3F370C1B0C5C71003EFD68 /* facebook-default-no-profile-pic.jpg in Resources */ = {isa = PBXBuildFile; fileRef = CC3F370B1B0C5C71003EFD68 /* facebook-default-no-profile-pic.jpg */; };
		CC48C8911AF064F700148704 /* summerbreeze.jpg in Resources */ = {isa = PBXBuildFile; fileRef = CC48C8901AF064F700148704 /* summerbreeze.jpg */; };
		CC5117271B5C4C3E00DAB67F /* FBSDKCoreKit.framework in Frameworks */ = {isa = PBXBuildFile; fileRef = CC5117261B5C4C3E00DAB67F /* FBSDKCoreKit.framework */; };
		CC5117291B5C4E6400DAB67F /* FBSDKLoginKit.framework in Frameworks */ = {isa = PBXBuildFile; fileRef = CC5117281B5C4E6400DAB67F /* FBSDKLoginKit.framework */; };
		CC76BAFF1ACCD6DA000D6441 /* CreateEventViewController.m in Sources */ = {isa = PBXBuildFile; fileRef = CC76BAFE1ACCD6DA000D6441 /* CreateEventViewController.m */; };
		DD952FCB16E7F5CF00470144 /* CoreLocation.framework in Frameworks */ = {isa = PBXBuildFile; fileRef = 97E18B1E1624CB5700B17A67 /* CoreLocation.framework */; };
/* End PBXBuildFile section */

/* Begin PBXFileReference section */
		09144A7213C2997E00388B00 /* Entitlements.plist */ = {isa = PBXFileReference; fileEncoding = 4; lastKnownFileType = text.plist.xml; path = Entitlements.plist; sourceTree = "<group>"; };
		092354B213A1D7EB00DA740F /* CFNetwork.framework */ = {isa = PBXFileReference; lastKnownFileType = wrapper.framework; name = CFNetwork.framework; path = System/Library/Frameworks/CFNetwork.framework; sourceTree = SDKROOT; };
		092354B413A1D7F000DA740F /* SystemConfiguration.framework */ = {isa = PBXFileReference; lastKnownFileType = wrapper.framework; name = SystemConfiguration.framework; path = System/Library/Frameworks/SystemConfiguration.framework; sourceTree = SDKROOT; };
		092354B613A1D83C00DA740F /* MobileCoreServices.framework */ = {isa = PBXFileReference; lastKnownFileType = wrapper.framework; name = MobileCoreServices.framework; path = System/Library/Frameworks/MobileCoreServices.framework; sourceTree = SDKROOT; };
		095ACE8513C68EA300566243 /* AudioToolbox.framework */ = {isa = PBXFileReference; lastKnownFileType = wrapper.framework; name = AudioToolbox.framework; path = System/Library/Frameworks/AudioToolbox.framework; sourceTree = SDKROOT; };
		099CCEAC13F9E3760039A464 /* libz.1.1.3.dylib */ = {isa = PBXFileReference; lastKnownFileType = "compiled.mach-o.dylib"; name = libz.1.1.3.dylib; path = usr/lib/libz.1.1.3.dylib; sourceTree = SDKROOT; };
		09ABC06D13A1D52D009C3FCF /* Flyr.app */ = {isa = PBXFileReference; explicitFileType = wrapper.application; includeInIndex = 0; path = Flyr.app; sourceTree = BUILT_PRODUCTS_DIR; };
		09ABC07113A1D52D009C3FCF /* UIKit.framework */ = {isa = PBXFileReference; lastKnownFileType = wrapper.framework; name = UIKit.framework; path = System/Library/Frameworks/UIKit.framework; sourceTree = SDKROOT; };
		09ABC07313A1D52D009C3FCF /* Foundation.framework */ = {isa = PBXFileReference; lastKnownFileType = wrapper.framework; name = Foundation.framework; path = System/Library/Frameworks/Foundation.framework; sourceTree = SDKROOT; };
		09ABC07913A1D52D009C3FCF /* Info.plist */ = {isa = PBXFileReference; lastKnownFileType = text.plist.xml; path = Info.plist; sourceTree = "<group>"; };
		09ABC07B13A1D52D009C3FCF /* en */ = {isa = PBXFileReference; lastKnownFileType = text.plist.strings; name = en; path = en.lproj/InfoPlist.strings; sourceTree = "<group>"; };
		09ABC07D13A1D52D009C3FCF /* Flyr-Prefix.pch */ = {isa = PBXFileReference; lastKnownFileType = sourcecode.c.h; path = "Flyr-Prefix.pch"; sourceTree = "<group>"; };
		09ABC07E13A1D52D009C3FCF /* main.m */ = {isa = PBXFileReference; lastKnownFileType = sourcecode.c.objc; path = main.m; sourceTree = "<group>"; };
		09ABC08013A1D52D009C3FCF /* ParseStarterProjectAppDelegate.h */ = {isa = PBXFileReference; lastKnownFileType = sourcecode.c.h; path = ParseStarterProjectAppDelegate.h; sourceTree = "<group>"; };
		09ABC08113A1D52D009C3FCF /* ParseStarterProjectAppDelegate.m */ = {isa = PBXFileReference; lastKnownFileType = sourcecode.c.objc; path = ParseStarterProjectAppDelegate.m; sourceTree = "<group>"; };
		09ABC08413A1D52E009C3FCF /* en */ = {isa = PBXFileReference; lastKnownFileType = file.xib; name = en; path = en.lproj/MainWindow.xib; sourceTree = "<group>"; };
		09ABC08613A1D52E009C3FCF /* ParseStarterProjectViewController.h */ = {isa = PBXFileReference; lastKnownFileType = sourcecode.c.h; path = ParseStarterProjectViewController.h; sourceTree = "<group>"; };
		09ABC08713A1D52E009C3FCF /* ParseStarterProjectViewController.m */ = {isa = PBXFileReference; lastKnownFileType = sourcecode.c.objc; path = ParseStarterProjectViewController.m; sourceTree = "<group>"; };
		09ABC08A13A1D52E009C3FCF /* en */ = {isa = PBXFileReference; lastKnownFileType = file.xib; name = en; path = en.lproj/ParseStarterProjectViewController.xib; sourceTree = "<group>"; };
		09BEF34B13D51C3F001BBCDB /* Security.framework */ = {isa = PBXFileReference; lastKnownFileType = wrapper.framework; name = Security.framework; path = System/Library/Frameworks/Security.framework; sourceTree = SDKROOT; };
		2FCDD6AF14A573F500295AAC /* QuartzCore.framework */ = {isa = PBXFileReference; lastKnownFileType = wrapper.framework; name = QuartzCore.framework; path = System/Library/Frameworks/QuartzCore.framework; sourceTree = SDKROOT; };
		4998650415BF305000803E05 /* StoreKit.framework */ = {isa = PBXFileReference; lastKnownFileType = wrapper.framework; name = StoreKit.framework; path = System/Library/Frameworks/StoreKit.framework; sourceTree = SDKROOT; };
		6332375315E438E900AE2736 /* libsqlite3.dylib */ = {isa = PBXFileReference; lastKnownFileType = "compiled.mach-o.dylib"; name = libsqlite3.dylib; path = usr/lib/libsqlite3.dylib; sourceTree = SDKROOT; };
		6372FF521613CC3C002132AF /* Accounts.framework */ = {isa = PBXFileReference; lastKnownFileType = wrapper.framework; name = Accounts.framework; path = System/Library/Frameworks/Accounts.framework; sourceTree = SDKROOT; };
		6372FF551613CC42002132AF /* Social.framework */ = {isa = PBXFileReference; lastKnownFileType = wrapper.framework; name = Social.framework; path = System/Library/Frameworks/Social.framework; sourceTree = SDKROOT; };
		6372FF571613CC47002132AF /* AdSupport.framework */ = {isa = PBXFileReference; lastKnownFileType = wrapper.framework; name = AdSupport.framework; path = System/Library/Frameworks/AdSupport.framework; sourceTree = SDKROOT; };
		743D7B6C157DA60100084B67 /* CoreGraphics.framework */ = {isa = PBXFileReference; lastKnownFileType = wrapper.framework; name = CoreGraphics.framework; path = System/Library/Frameworks/CoreGraphics.framework; sourceTree = SDKROOT; };
		81A6CA601A2EA82800297C39 /* libstdc++.6.dylib */ = {isa = PBXFileReference; lastKnownFileType = "compiled.mach-o.dylib"; name = "libstdc++.6.dylib"; path = "usr/lib/libstdc++.6.dylib"; sourceTree = SDKROOT; };
		91D261781A36EB67005D713D /* libsqlite3.0.dylib */ = {isa = PBXFileReference; lastKnownFileType = "compiled.mach-o.dylib"; name = libsqlite3.0.dylib; path = usr/lib/libsqlite3.0.dylib; sourceTree = SDKROOT; };
		97E18B1E1624CB5700B17A67 /* CoreLocation.framework */ = {isa = PBXFileReference; lastKnownFileType = wrapper.framework; name = CoreLocation.framework; path = System/Library/Frameworks/CoreLocation.framework; sourceTree = SDKROOT; };
		C4C51B541613CE0800959FDC /* Default.png */ = {isa = PBXFileReference; lastKnownFileType = image.png; path = Default.png; sourceTree = "<group>"; };
		C4C51B551613CE0800959FDC /* Default-568h@2x.png */ = {isa = PBXFileReference; lastKnownFileType = image.png; path = "Default-568h@2x.png"; sourceTree = "<group>"; };
		C4C51B561613CE0800959FDC /* Default@2x.png */ = {isa = PBXFileReference; lastKnownFileType = image.png; path = "Default@2x.png"; sourceTree = "<group>"; };
		CC0412811AE024BC00E91DBE /* ErrorHandlingController.h */ = {isa = PBXFileReference; fileEncoding = 4; lastKnownFileType = sourcecode.c.h; path = ErrorHandlingController.h; sourceTree = "<group>"; };
		CC0412821AE024BC00E91DBE /* ErrorHandlingController.m */ = {isa = PBXFileReference; fileEncoding = 4; lastKnownFileType = sourcecode.c.objc; path = ErrorHandlingController.m; sourceTree = "<group>"; };
		CC1312ED1B5C8B0B00DA9E7D /* ParseFacebookUtilsV4.framework */ = {isa = PBXFileReference; lastKnownFileType = wrapper.framework; path = ParseFacebookUtilsV4.framework; sourceTree = "<group>"; };
		CC240FCC1B65407800037E98 /* Bolts.framework */ = {isa = PBXFileReference; lastKnownFileType = wrapper.framework; path = Bolts.framework; sourceTree = "<group>"; };
		CC240FCD1B65407800037E98 /* Parse.framework */ = {isa = PBXFileReference; lastKnownFileType = wrapper.framework; path = Parse.framework; sourceTree = "<group>"; };
		CC240FCE1B65407800037E98 /* ParseCrashReporting.framework */ = {isa = PBXFileReference; lastKnownFileType = wrapper.framework; path = ParseCrashReporting.framework; sourceTree = "<group>"; };
		CC240FCF1B65407800037E98 /* ParseUI.framework */ = {isa = PBXFileReference; lastKnownFileType = wrapper.framework; path = ParseUI.framework; sourceTree = "<group>"; };
		CC2C1F9E1ACC67E9007D71A0 /* LoginViewController.h */ = {isa = PBXFileReference; fileEncoding = 4; lastKnownFileType = sourcecode.c.h; path = LoginViewController.h; sourceTree = "<group>"; };
		CC2C1F9F1ACC67E9007D71A0 /* LoginViewController.m */ = {isa = PBXFileReference; fileEncoding = 4; lastKnownFileType = sourcecode.c.objc; path = LoginViewController.m; sourceTree = "<group>"; };
		CC2C1FA11ACC6AD8007D71A0 /* SignUpViewController.h */ = {isa = PBXFileReference; fileEncoding = 4; lastKnownFileType = sourcecode.c.h; path = SignUpViewController.h; sourceTree = "<group>"; };
		CC2C1FA21ACC6AD8007D71A0 /* SignUpViewController.m */ = {isa = PBXFileReference; fileEncoding = 4; lastKnownFileType = sourcecode.c.objc; path = SignUpViewController.m; sourceTree = "<group>"; };
		CC2C1FA41ACC7209007D71A0 /* EventTableViewCell.h */ = {isa = PBXFileReference; fileEncoding = 4; lastKnownFileType = sourcecode.c.h; path = EventTableViewCell.h; sourceTree = "<group>"; };
		CC2C1FA51ACC7209007D71A0 /* EventTableViewCell.m */ = {isa = PBXFileReference; fileEncoding = 4; lastKnownFileType = sourcecode.c.objc; path = EventTableViewCell.m; sourceTree = "<group>"; };
		CC2C1FA61ACC7209007D71A0 /* MoreViewController.h */ = {isa = PBXFileReference; fileEncoding = 4; lastKnownFileType = sourcecode.c.h; path = MoreViewController.h; sourceTree = "<group>"; };
		CC2C1FA71ACC7209007D71A0 /* MoreViewController.m */ = {isa = PBXFileReference; fileEncoding = 4; lastKnownFileType = sourcecode.c.objc; path = MoreViewController.m; sourceTree = "<group>"; };
		CC2C1FA81ACC7209007D71A0 /* SettingsViewController.h */ = {isa = PBXFileReference; fileEncoding = 4; lastKnownFileType = sourcecode.c.h; path = SettingsViewController.h; sourceTree = "<group>"; };
		CC2C1FA91ACC7209007D71A0 /* SettingsViewController.m */ = {isa = PBXFileReference; fileEncoding = 4; lastKnownFileType = sourcecode.c.objc; path = SettingsViewController.m; sourceTree = "<group>"; };
		CC2C1FAA1ACC7209007D71A0 /* EventViewController.h */ = {isa = PBXFileReference; fileEncoding = 4; lastKnownFileType = sourcecode.c.h; path = EventViewController.h; sourceTree = "<group>"; };
		CC2C1FAB1ACC7209007D71A0 /* EventViewController.m */ = {isa = PBXFileReference; fileEncoding = 4; lastKnownFileType = sourcecode.c.objc; path = EventViewController.m; sourceTree = "<group>"; };
		CC2C1FAC1ACC7209007D71A0 /* ShareViewController.h */ = {isa = PBXFileReference; fileEncoding = 4; lastKnownFileType = sourcecode.c.h; path = ShareViewController.h; sourceTree = "<group>"; };
		CC2C1FAD1ACC7209007D71A0 /* ShareViewController.m */ = {isa = PBXFileReference; fileEncoding = 4; lastKnownFileType = sourcecode.c.objc; path = ShareViewController.m; sourceTree = "<group>"; };
		CC2C1FB31ACC72A5007D71A0 /* EventDetailViewController.h */ = {isa = PBXFileReference; fileEncoding = 4; lastKnownFileType = sourcecode.c.h; path = EventDetailViewController.h; sourceTree = "<group>"; };
		CC2C1FB41ACC72A5007D71A0 /* EventDetailViewController.m */ = {isa = PBXFileReference; fileEncoding = 4; lastKnownFileType = sourcecode.c.objc; path = EventDetailViewController.m; sourceTree = "<group>"; };
		CC2C1FB61ACC7388007D71A0 /* MapKit.framework */ = {isa = PBXFileReference; lastKnownFileType = wrapper.framework; name = MapKit.framework; path = System/Library/Frameworks/MapKit.framework; sourceTree = SDKROOT; };
		CC2C1FB81ACC73C3007D71A0 /* MessageUI.framework */ = {isa = PBXFileReference; lastKnownFileType = wrapper.framework; name = MessageUI.framework; path = System/Library/Frameworks/MessageUI.framework; sourceTree = SDKROOT; };
		CC2F1A7C1B65C2E900A2FB99 /* AVFoundation.framework */ = {isa = PBXFileReference; lastKnownFileType = wrapper.framework; name = AVFoundation.framework; path = System/Library/Frameworks/AVFoundation.framework; sourceTree = SDKROOT; };
		CC2F1A7E1B65C6FB00A2FB99 /* CoreMotion.framework */ = {isa = PBXFileReference; lastKnownFileType = wrapper.framework; name = CoreMotion.framework; path = System/Library/Frameworks/CoreMotion.framework; sourceTree = SDKROOT; };
		CC3F37041B0BE8BD003EFD68 /* AddressBook.framework */ = {isa = PBXFileReference; lastKnownFileType = wrapper.framework; name = AddressBook.framework; path = System/Library/Frameworks/AddressBook.framework; sourceTree = SDKROOT; };
		CC3F37051B0BE8BD003EFD68 /* AddressBookUI.framework */ = {isa = PBXFileReference; lastKnownFileType = wrapper.framework; name = AddressBookUI.framework; path = System/Library/Frameworks/AddressBookUI.framework; sourceTree = SDKROOT; };
		CC3F37081B0C2442003EFD68 /* ContactTableViewCell.h */ = {isa = PBXFileReference; fileEncoding = 4; lastKnownFileType = sourcecode.c.h; path = ContactTableViewCell.h; sourceTree = "<group>"; };
		CC3F37091B0C2442003EFD68 /* ContactTableViewCell.m */ = {isa = PBXFileReference; fileEncoding = 4; lastKnownFileType = sourcecode.c.objc; path = ContactTableViewCell.m; sourceTree = "<group>"; };
		CC3F370B1B0C5C71003EFD68 /* facebook-default-no-profile-pic.jpg */ = {isa = PBXFileReference; lastKnownFileType = image.jpeg; path = "facebook-default-no-profile-pic.jpg"; sourceTree = "<group>"; };
		CC48C8901AF064F700148704 /* summerbreeze.jpg */ = {isa = PBXFileReference; lastKnownFileType = image.jpeg; path = summerbreeze.jpg; sourceTree = "<group>"; };
		CC5117261B5C4C3E00DAB67F /* FBSDKCoreKit.framework */ = {isa = PBXFileReference; lastKnownFileType = wrapper.framework; name = FBSDKCoreKit.framework; path = ../../../Documents/FacebookSDK/FBSDKCoreKit.framework; sourceTree = "<group>"; };
		CC5117281B5C4E6400DAB67F /* FBSDKLoginKit.framework */ = {isa = PBXFileReference; lastKnownFileType = wrapper.framework; name = FBSDKLoginKit.framework; path = ../../../Documents/FacebookSDK/FBSDKLoginKit.framework; sourceTree = "<group>"; };
		CC76BAFD1ACCD6DA000D6441 /* CreateEventViewController.h */ = {isa = PBXFileReference; fileEncoding = 4; lastKnownFileType = sourcecode.c.h; path = CreateEventViewController.h; sourceTree = "<group>"; };
		CC76BAFE1ACCD6DA000D6441 /* CreateEventViewController.m */ = {isa = PBXFileReference; fileEncoding = 4; lastKnownFileType = sourcecode.c.objc; path = CreateEventViewController.m; sourceTree = "<group>"; };
/* End PBXFileReference section */

/* Begin PBXFrameworksBuildPhase section */
		09ABC06A13A1D52D009C3FCF /* Frameworks */ = {
			isa = PBXFrameworksBuildPhase;
			buildActionMask = 2147483647;
			files = (
				CC2F1A7F1B65C6FB00A2FB99 /* CoreMotion.framework in Frameworks */,
				CC2F1A7D1B65C2E900A2FB99 /* AVFoundation.framework in Frameworks */,
				CC3F37061B0BE8BD003EFD68 /* AddressBook.framework in Frameworks */,
				CC3F37071B0BE8BD003EFD68 /* AddressBookUI.framework in Frameworks */,
				CC240FD31B65407800037E98 /* ParseUI.framework in Frameworks */,
				CC2C1FB91ACC73C3007D71A0 /* MessageUI.framework in Frameworks */,
				CC2C1FB71ACC7388007D71A0 /* MapKit.framework in Frameworks */,
				91D261791A36EB67005D713D /* libsqlite3.0.dylib in Frameworks */,
				81A6CA611A2EA82800297C39 /* libstdc++.6.dylib in Frameworks */,
				DD952FCB16E7F5CF00470144 /* CoreLocation.framework in Frameworks */,
				CC240FD21B65407800037E98 /* ParseCrashReporting.framework in Frameworks */,
				CC5117291B5C4E6400DAB67F /* FBSDKLoginKit.framework in Frameworks */,
				4998650515BF305000803E05 /* StoreKit.framework in Frameworks */,
				743D7B6D157DA60100084B67 /* CoreGraphics.framework in Frameworks */,
				2FCDD6B014A573F500295AAC /* QuartzCore.framework in Frameworks */,
				099CCEAD13F9E3760039A464 /* libz.1.1.3.dylib in Frameworks */,
				09BEF34C13D51C3F001BBCDB /* Security.framework in Frameworks */,
				CC5117271B5C4C3E00DAB67F /* FBSDKCoreKit.framework in Frameworks */,
				095ACE8613C68EA300566243 /* AudioToolbox.framework in Frameworks */,
				092354B713A1D83C00DA740F /* MobileCoreServices.framework in Frameworks */,
				CC240FD11B65407800037E98 /* Parse.framework in Frameworks */,
				092354B513A1D7F000DA740F /* SystemConfiguration.framework in Frameworks */,
				092354B313A1D7EB00DA740F /* CFNetwork.framework in Frameworks */,
				09ABC07213A1D52D009C3FCF /* UIKit.framework in Frameworks */,
				CC240FD01B65407800037E98 /* Bolts.framework in Frameworks */,
				09ABC07413A1D52D009C3FCF /* Foundation.framework in Frameworks */,
				CC1312EE1B5C8B0B00DA9E7D /* ParseFacebookUtilsV4.framework in Frameworks */,
			);
			runOnlyForDeploymentPostprocessing = 0;
		};
/* End PBXFrameworksBuildPhase section */

/* Begin PBXGroup section */
		09ABC06213A1D52D009C3FCF = {
			isa = PBXGroup;
			children = (
				09ABC07713A1D52D009C3FCF /* ParseStarterProject */,
				09ABC07013A1D52D009C3FCF /* Frameworks */,
				09ABC06E13A1D52D009C3FCF /* Products */,
			);
			sourceTree = "<group>";
		};
		09ABC06E13A1D52D009C3FCF /* Products */ = {
			isa = PBXGroup;
			children = (
				09ABC06D13A1D52D009C3FCF /* Flyr.app */,
			);
			name = Products;
			sourceTree = "<group>";
		};
		09ABC07013A1D52D009C3FCF /* Frameworks */ = {
			isa = PBXGroup;
			children = (
				CC2F1A7E1B65C6FB00A2FB99 /* CoreMotion.framework */,
				CC2F1A7C1B65C2E900A2FB99 /* AVFoundation.framework */,
				CC240FCC1B65407800037E98 /* Bolts.framework */,
				CC240FCD1B65407800037E98 /* Parse.framework */,
				CC240FCE1B65407800037E98 /* ParseCrashReporting.framework */,
				CC240FCF1B65407800037E98 /* ParseUI.framework */,
				CC1312ED1B5C8B0B00DA9E7D /* ParseFacebookUtilsV4.framework */,
				CC5117281B5C4E6400DAB67F /* FBSDKLoginKit.framework */,
				CC5117261B5C4C3E00DAB67F /* FBSDKCoreKit.framework */,
				CC3F37041B0BE8BD003EFD68 /* AddressBook.framework */,
				CC3F37051B0BE8BD003EFD68 /* AddressBookUI.framework */,
				CC2C1FB81ACC73C3007D71A0 /* MessageUI.framework */,
				CC2C1FB61ACC7388007D71A0 /* MapKit.framework */,
				91D261781A36EB67005D713D /* libsqlite3.0.dylib */,
				81A6CA5E1A2EA0B800297C39 /* System Frameworks */,
			);
			name = Frameworks;
			sourceTree = "<group>";
		};
		09ABC07713A1D52D009C3FCF /* ParseStarterProject */ = {
			isa = PBXGroup;
			children = (
				CC48C8901AF064F700148704 /* summerbreeze.jpg */,
				CC3F370B1B0C5C71003EFD68 /* facebook-default-no-profile-pic.jpg */,
				09ABC08013A1D52D009C3FCF /* ParseStarterProjectAppDelegate.h */,
				09ABC08113A1D52D009C3FCF /* ParseStarterProjectAppDelegate.m */,
				CC2C1F9E1ACC67E9007D71A0 /* LoginViewController.h */,
				CC2C1F9F1ACC67E9007D71A0 /* LoginViewController.m */,
				CC2C1FA11ACC6AD8007D71A0 /* SignUpViewController.h */,
				CC2C1FA21ACC6AD8007D71A0 /* SignUpViewController.m */,
				CC2C1FA41ACC7209007D71A0 /* EventTableViewCell.h */,
				CC2C1FA51ACC7209007D71A0 /* EventTableViewCell.m */,
				CC2C1FA61ACC7209007D71A0 /* MoreViewController.h */,
				CC2C1FA71ACC7209007D71A0 /* MoreViewController.m */,
				CC2C1FA81ACC7209007D71A0 /* SettingsViewController.h */,
				CC2C1FA91ACC7209007D71A0 /* SettingsViewController.m */,
				CC76BAFD1ACCD6DA000D6441 /* CreateEventViewController.h */,
				CC76BAFE1ACCD6DA000D6441 /* CreateEventViewController.m */,
				CC2C1FAA1ACC7209007D71A0 /* EventViewController.h */,
				CC2C1FAB1ACC7209007D71A0 /* EventViewController.m */,
				CC0412811AE024BC00E91DBE /* ErrorHandlingController.h */,
				CC0412821AE024BC00E91DBE /* ErrorHandlingController.m */,
				CC2C1FAC1ACC7209007D71A0 /* ShareViewController.h */,
				CC2C1FAD1ACC7209007D71A0 /* ShareViewController.m */,
				CC3F37081B0C2442003EFD68 /* ContactTableViewCell.h */,
				CC3F37091B0C2442003EFD68 /* ContactTableViewCell.m */,
				CC2C1FB31ACC72A5007D71A0 /* EventDetailViewController.h */,
				CC2C1FB41ACC72A5007D71A0 /* EventDetailViewController.m */,
				09ABC08313A1D52D009C3FCF /* MainWindow.xib */,
				09ABC08613A1D52E009C3FCF /* ParseStarterProjectViewController.h */,
				09ABC08713A1D52E009C3FCF /* ParseStarterProjectViewController.m */,
				09ABC08913A1D52E009C3FCF /* ParseStarterProjectViewController.xib */,
				09ABC07813A1D52D009C3FCF /* Supporting Files */,
			);
			path = ParseStarterProject;
			sourceTree = "<group>";
		};
		09ABC07813A1D52D009C3FCF /* Supporting Files */ = {
			isa = PBXGroup;
			children = (
				C4C51B541613CE0800959FDC /* Default.png */,
				C4C51B561613CE0800959FDC /* Default@2x.png */,
				C4C51B551613CE0800959FDC /* Default-568h@2x.png */,
				09ABC07913A1D52D009C3FCF /* Info.plist */,
				09144A7213C2997E00388B00 /* Entitlements.plist */,
				09ABC07A13A1D52D009C3FCF /* InfoPlist.strings */,
				09ABC07D13A1D52D009C3FCF /* Flyr-Prefix.pch */,
				09ABC07E13A1D52D009C3FCF /* main.m */,
			);
			name = "Supporting Files";
			sourceTree = "<group>";
		};
		81A6CA5E1A2EA0B800297C39 /* System Frameworks */ = {
			isa = PBXGroup;
			children = (
				6372FF571613CC47002132AF /* AdSupport.framework */,
				6372FF551613CC42002132AF /* Social.framework */,
				6372FF521613CC3C002132AF /* Accounts.framework */,
				095ACE8513C68EA300566243 /* AudioToolbox.framework */,
				092354B213A1D7EB00DA740F /* CFNetwork.framework */,
				743D7B6C157DA60100084B67 /* CoreGraphics.framework */,
				97E18B1E1624CB5700B17A67 /* CoreLocation.framework */,
				09ABC07313A1D52D009C3FCF /* Foundation.framework */,
				6332375315E438E900AE2736 /* libsqlite3.dylib */,
				099CCEAC13F9E3760039A464 /* libz.1.1.3.dylib */,
				81A6CA601A2EA82800297C39 /* libstdc++.6.dylib */,
				092354B613A1D83C00DA740F /* MobileCoreServices.framework */,
				2FCDD6AF14A573F500295AAC /* QuartzCore.framework */,
				09BEF34B13D51C3F001BBCDB /* Security.framework */,
				4998650415BF305000803E05 /* StoreKit.framework */,
				092354B413A1D7F000DA740F /* SystemConfiguration.framework */,
				09ABC07113A1D52D009C3FCF /* UIKit.framework */,
			);
			name = "System Frameworks";
			sourceTree = "<group>";
		};
/* End PBXGroup section */

/* Begin PBXNativeTarget section */
		09ABC06C13A1D52D009C3FCF /* Flyr */ = {
			isa = PBXNativeTarget;
			buildConfigurationList = 09ABC08E13A1D52E009C3FCF /* Build configuration list for PBXNativeTarget "Flyr" */;
			buildPhases = (
				09ABC06913A1D52D009C3FCF /* Sources */,
				09ABC06A13A1D52D009C3FCF /* Frameworks */,
				09ABC06B13A1D52D009C3FCF /* Resources */,
				81A6CA5F1A2EA3D600297C39 /* Upload Symbol Files */,
			);
			buildRules = (
			);
			dependencies = (
			);
			name = Flyr;
			productName = ParseStarterProject;
			productReference = 09ABC06D13A1D52D009C3FCF /* Flyr.app */;
			productType = "com.apple.product-type.application";
		};
/* End PBXNativeTarget section */

/* Begin PBXProject section */
		09ABC06413A1D52D009C3FCF /* Project object */ = {
			isa = PBXProject;
			attributes = {
				LastUpgradeCheck = 0510;
				TargetAttributes = {
					09ABC06C13A1D52D009C3FCF = {
						DevelopmentTeam = 8JQ6U3EAUE;
					};
				};
			};
			buildConfigurationList = 09ABC06713A1D52D009C3FCF /* Build configuration list for PBXProject "Flyr" */;
			compatibilityVersion = "Xcode 3.2";
			developmentRegion = English;
			hasScannedForEncodings = 0;
			knownRegions = (
				en,
			);
			mainGroup = 09ABC06213A1D52D009C3FCF;
			productRefGroup = 09ABC06E13A1D52D009C3FCF /* Products */;
			projectDirPath = "";
			projectRoot = "";
			targets = (
				09ABC06C13A1D52D009C3FCF /* Flyr */,
			);
		};
/* End PBXProject section */

/* Begin PBXResourcesBuildPhase section */
		09ABC06B13A1D52D009C3FCF /* Resources */ = {
			isa = PBXResourcesBuildPhase;
			buildActionMask = 2147483647;
			files = (
				09ABC07C13A1D52D009C3FCF /* InfoPlist.strings in Resources */,
				CC48C8911AF064F700148704 /* summerbreeze.jpg in Resources */,
				09ABC08513A1D52E009C3FCF /* MainWindow.xib in Resources */,
				CC3F370C1B0C5C71003EFD68 /* facebook-default-no-profile-pic.jpg in Resources */,
				09ABC08B13A1D52E009C3FCF /* ParseStarterProjectViewController.xib in Resources */,
				09144A7313C2997E00388B00 /* Entitlements.plist in Resources */,
				C4C51B571613CE0800959FDC /* Default.png in Resources */,
				C4C51B581613CE0800959FDC /* Default-568h@2x.png in Resources */,
				C4C51B591613CE0800959FDC /* Default@2x.png in Resources */,
			);
			runOnlyForDeploymentPostprocessing = 0;
		};
/* End PBXResourcesBuildPhase section */

/* Begin PBXShellScriptBuildPhase section */
		81A6CA5F1A2EA3D600297C39 /* Upload Symbol Files */ = {
			isa = PBXShellScriptBuildPhase;
			buildActionMask = 2147483647;
			files = (
			);
			inputPaths = (
			);
			name = "Upload Symbol Files";
			outputPaths = (
			);
			runOnlyForDeploymentPostprocessing = 0;
			shellPath = /bin/sh;
			shellScript = "# This script will upload symbol files for your application,\n# so all your crash reports are going to be symbolicated\n\n# Important!\n# Before using the script, please initialize CloudCode folder and replace <path_to_cloudcode_folder> with the path to it\n#\n# Read more on Parse.com - https://parse.com/apps/quickstart#analytics/crashreporting/ios/\n############################################################\n\n\n# export PATH=/usr/local/bin:$PATH\n# cd <path_to_cloudcode_folder>\n\n# parse symbols \"${DWARF_DSYM_FOLDER_PATH}/${DWARF_DSYM_FILE_NAME}\"\n";
		};
/* End PBXShellScriptBuildPhase section */

/* Begin PBXSourcesBuildPhase section */
		09ABC06913A1D52D009C3FCF /* Sources */ = {
			isa = PBXSourcesBuildPhase;
			buildActionMask = 2147483647;
			files = (
				CC2C1FA01ACC67E9007D71A0 /* LoginViewController.m in Sources */,
				CC2C1FA31ACC6AD8007D71A0 /* SignUpViewController.m in Sources */,
				CC3F370A1B0C2442003EFD68 /* ContactTableViewCell.m in Sources */,
				CC2C1FAE1ACC7209007D71A0 /* EventTableViewCell.m in Sources */,
				CC2C1FB11ACC7209007D71A0 /* EventViewController.m in Sources */,
				CC2C1FB01ACC7209007D71A0 /* SettingsViewController.m in Sources */,
				09ABC07F13A1D52D009C3FCF /* main.m in Sources */,
				09ABC08213A1D52D009C3FCF /* ParseStarterProjectAppDelegate.m in Sources */,
				CC76BAFF1ACCD6DA000D6441 /* CreateEventViewController.m in Sources */,
				CC2C1FAF1ACC7209007D71A0 /* MoreViewController.m in Sources */,
				CC2C1FB51ACC72A5007D71A0 /* EventDetailViewController.m in Sources */,
				CC0412831AE024BC00E91DBE /* ErrorHandlingController.m in Sources */,
				CC2C1FB21ACC7209007D71A0 /* ShareViewController.m in Sources */,
				09ABC08813A1D52E009C3FCF /* ParseStarterProjectViewController.m in Sources */,
			);
			runOnlyForDeploymentPostprocessing = 0;
		};
/* End PBXSourcesBuildPhase section */

/* Begin PBXVariantGroup section */
		09ABC07A13A1D52D009C3FCF /* InfoPlist.strings */ = {
			isa = PBXVariantGroup;
			children = (
				09ABC07B13A1D52D009C3FCF /* en */,
			);
			name = InfoPlist.strings;
			sourceTree = "<group>";
		};
		09ABC08313A1D52D009C3FCF /* MainWindow.xib */ = {
			isa = PBXVariantGroup;
			children = (
				09ABC08413A1D52E009C3FCF /* en */,
			);
			name = MainWindow.xib;
			sourceTree = "<group>";
		};
		09ABC08913A1D52E009C3FCF /* ParseStarterProjectViewController.xib */ = {
			isa = PBXVariantGroup;
			children = (
				09ABC08A13A1D52E009C3FCF /* en */,
			);
			name = ParseStarterProjectViewController.xib;
			sourceTree = "<group>";
		};
/* End PBXVariantGroup section */

/* Begin XCBuildConfiguration section */
		09ABC08C13A1D52E009C3FCF /* Debug */ = {
			isa = XCBuildConfiguration;
			buildSettings = {
				GCC_OPTIMIZATION_LEVEL = 0;
				GCC_PREPROCESSOR_DEFINITIONS = DEBUG;
				GCC_SYMBOLS_PRIVATE_EXTERN = NO;
				GCC_WARN_ABOUT_RETURN_TYPE = YES;
				GCC_WARN_UNUSED_VARIABLE = YES;
				IPHONEOS_DEPLOYMENT_TARGET = 6.0;
				ONLY_ACTIVE_ARCH = YES;
				OTHER_LDFLAGS = "";
				"OTHER_LDFLAGS[arch=*]" = "";
				SDKROOT = iphoneos;
			};
			name = Debug;
		};
		09ABC08D13A1D52E009C3FCF /* Release */ = {
			isa = XCBuildConfiguration;
			buildSettings = {
				GCC_WARN_ABOUT_RETURN_TYPE = YES;
				GCC_WARN_UNUSED_VARIABLE = YES;
				IPHONEOS_DEPLOYMENT_TARGET = 6.0;
				OTHER_CFLAGS = "-DNS_BLOCK_ASSERTIONS=1";
				OTHER_LDFLAGS = "";
				SDKROOT = iphoneos;
			};
			name = Release;
		};
		09ABC08F13A1D52E009C3FCF /* Debug */ = {
			isa = XCBuildConfiguration;
			buildSettings = {
				CLANG_ENABLE_OBJC_ARC = YES;
				CODE_SIGN_IDENTITY = "iPhone Developer";
				"CODE_SIGN_IDENTITY[sdk=iphoneos*]" = "iPhone Developer";
				COPY_PHASE_STRIP = NO;
				FRAMEWORK_SEARCH_PATHS = (
					"$(inherited)",
					"$(SRCROOT)",
					"$(PROJECT_DIR)",
					/Users/Rachel/Documents/FacebookSDK,
					"/Users/Rachel/Downloads/parse-library-1",
				);
				GCC_DYNAMIC_NO_PIC = NO;
				GCC_PRECOMPILE_PREFIX_HEADER = YES;
				GCC_PREFIX_HEADER = "ParseStarterProject/Flyr-Prefix.pch";
				INFOPLIST_FILE = ParseStarterProject/Info.plist;
				IPHONEOS_DEPLOYMENT_TARGET = 8.0;
				PRODUCT_NAME = Flyr;
				PROVISIONING_PROFILE = "";
				WRAPPER_EXTENSION = app;
			};
			name = Debug;
		};
		09ABC09013A1D52E009C3FCF /* Release */ = {
			isa = XCBuildConfiguration;
			buildSettings = {
				CLANG_ENABLE_OBJC_ARC = YES;
				CODE_SIGN_IDENTITY = "iPhone Developer";
				"CODE_SIGN_IDENTITY[sdk=iphoneos*]" = "iPhone Developer";
				COPY_PHASE_STRIP = YES;
				FRAMEWORK_SEARCH_PATHS = (
					"$(inherited)",
					"$(SRCROOT)",
					"$(PROJECT_DIR)",
					/Users/Rachel/Documents/FacebookSDK,
					"/Users/Rachel/Downloads/parse-library-1",
				);
				GCC_PRECOMPILE_PREFIX_HEADER = YES;
				GCC_PREFIX_HEADER = "ParseStarterProject/Flyr-Prefix.pch";
				INFOPLIST_FILE = ParseStarterProject/Info.plist;
				IPHONEOS_DEPLOYMENT_TARGET = 8.0;
				PRODUCT_NAME = Flyr;
				PROVISIONING_PROFILE = "";
				VALIDATE_PRODUCT = YES;
				WRAPPER_EXTENSION = app;
			};
			name = Release;
		};
/* End XCBuildConfiguration section */

/* Begin XCConfigurationList section */
		09ABC06713A1D52D009C3FCF /* Build configuration list for PBXProject "Flyr" */ = {
			isa = XCConfigurationList;
			buildConfigurations = (
				09ABC08C13A1D52E009C3FCF /* Debug */,
				09ABC08D13A1D52E009C3FCF /* Release */,
			);
			defaultConfigurationIsVisible = 0;
			defaultConfigurationName = Release;
		};
		09ABC08E13A1D52E009C3FCF /* Build configuration list for PBXNativeTarget "Flyr" */ = {
			isa = XCConfigurationList;
			buildConfigurations = (
				09ABC08F13A1D52E009C3FCF /* Debug */,
				09ABC09013A1D52E009C3FCF /* Release */,
			);
			defaultConfigurationIsVisible = 0;
			defaultConfigurationName = Release;
		};
/* End XCConfigurationList section */
	};
	rootObject = 09ABC06413A1D52D009C3FCF /* Project object */;
}
